<?xml version="1.0" encoding="utf-8"?>
<Project ToolsVersion="4.0" xmlns="http://schemas.microsoft.com/developer/msbuild/2003">
  <ItemGroup>
    <Filter Include="소스 파일">
      <UniqueIdentifier>{4FC737F1-C7A5-4376-A066-2A32D752A2FF}</UniqueIdentifier>
      <Extensions>cpp;c;cc;cxx;c++;def;odl;idl;hpj;bat;asm;asmx</Extensions>
    </Filter>
    <Filter Include="헤더 파일">
      <UniqueIdentifier>{93995380-89BD-4b04-88EB-625FBE52EBFB}</UniqueIdentifier>
      <Extensions>h;hh;hpp;hxx;h++;hm;inl;inc;ipp;xsd</Extensions>
    </Filter>
    <Filter Include="리소스 파일">
      <UniqueIdentifier>{67DA6AB6-F800-4c08-8B7A-83BB121AAD01}</UniqueIdentifier>
      <Extensions>rc;ico;cur;bmp;dlg;rc2;rct;bin;rgs;gif;jpg;jpeg;jpe;resx;tiff;tif;png;wav;mfcribbon-ms</Extensions>
    </Filter>
    <Filter Include="소스 파일\Queue">
      <UniqueIdentifier>{dd6b8803-abc1-4399-b087-20712c712d7d}</UniqueIdentifier>
    </Filter>
    <Filter Include="소스 파일\PrefixSum">
      <UniqueIdentifier>{fdec4fe5-1f9c-4ce6-8d8d-794cf9139349}</UniqueIdentifier>
    </Filter>
    <Filter Include="소스 파일\String">
      <UniqueIdentifier>{159c09cc-fcb2-41f4-8b3b-5e16a50e0cf0}</UniqueIdentifier>
    </Filter>
    <Filter Include="소스 파일\DP">
      <UniqueIdentifier>{fe9c3f0f-0781-4adb-8c1a-e26d01baef19}</UniqueIdentifier>
    </Filter>
    <Filter Include="소스 파일\Hash">
      <UniqueIdentifier>{5fa08d85-60da-4719-ba79-80b4d36d7cf5}</UniqueIdentifier>
    </Filter>
    <Filter Include="소스 파일\TwoPointer">
      <UniqueIdentifier>{882164ad-49f4-40bf-868d-d5835a979cde}</UniqueIdentifier>
    </Filter>
  </ItemGroup>
  <ItemGroup>
    <ClCompile Include="Algorithm.cpp">
      <Filter>소스 파일</Filter>
    </ClCompile>
    <ClCompile Include="lastStoneWeight.cpp">
      <Filter>소스 파일\Queue</Filter>
    </ClCompile>
    <ClCompile Include="maxSumSubmatrix.cpp">
      <Filter>소스 파일\PrefixSum</Filter>
    </ClCompile>
    <ClCompile Include="reverseString.cpp">
      <Filter>소스 파일\String</Filter>
    </ClCompile>
  </ItemGroup>
  <ItemGroup>
    <ClInclude Include="algorithmHeader.h">
      <Filter>헤더 파일</Filter>
    </ClInclude>
    <ClInclude Include="maxSumSubmatrix.h">
      <Filter>헤더 파일</Filter>
    </ClInclude>
    <ClInclude Include="reverseString.h">
      <Filter>헤더 파일</Filter>
    </ClInclude>
    <ClInclude Include="findLength.h">
      <Filter>소스 파일\DP</Filter>
    </ClInclude>
    <ClInclude Include="numDecodings.h">
      <Filter>소스 파일\DP</Filter>
    </ClInclude>
    <ClInclude Include="isIsomorphic.h">
      <Filter>소스 파일\Hash</Filter>
    </ClInclude>
    <ClInclude Include="triangleNumber.h">
      <Filter>소스 파일\TwoPointer</Filter>
    </ClInclude>
    <ClInclude Include="4Sum.h">
      <Filter>소스 파일\TwoPointer</Filter>
    </ClInclude>
  </ItemGroup>
</Project>